
Microsoft Visual Studio Solution File, Format Version 12.00
# Visual Studio Version 16
VisualStudioVersion = 16.0.30804.86
MinimumVisualStudioVersion = 10.0.40219.1
Project("{FAE04EC0-301F-11D3-BF4B-00C04F79EFBC}") = "Weather", "Weather\Weather.csproj", "{4110E3EE-B2DF-41F6-A599-DBA4861BFCA8}"
EndProject
Global
	GlobalSection(SolutionConfigurationPlatforms) = preSolution
		Debug|Any CPU = Debug|Any CPU
		Release|Any CPU = Release|Any CPU
	EndGlobalSection
	GlobalSection(ProjectConfigurationPlatforms) = postSolution
		{4110E3EE-B2DF-41F6-A599-DBA4861BFCA8}.Debug|Any CPU.ActiveCfg = Debug|Any CPU
		{4110E3EE-B2DF-41F6-A599-DBA4861BFCA8}.Debug|Any CPU.Build.0 = Debug|Any CPU
		{4110E3EE-B2DF-41F6-A599-DBA4861BFCA8}.Release|Any CPU.ActiveCfg = Release|Any CPU
		{4110E3EE-B2DF-41F6-A599-DBA4861BFCA8}.Release|Any CPU.Build.0 = Release|Any CPU
	EndGlobalSection
	GlobalSection(SolutionProperties) = preSolution
		HideSolutionNode = FALSE
	EndGlobalSection
	GlobalSection(ExtensibilityGlobals) = postSolution
		SolutionGuid = {E233BE60-F49D-48F5-B0CD-85BE64635938}
	EndGlobalSection
EndGlobal
