
Microsoft Visual Studio Solution File, Format Version 12.00
# Visual Studio Version 16
VisualStudioVersion = 16.0.30804.86
MinimumVisualStudioVersion = 10.0.40219.1
Project("{FAE04EC0-301F-11D3-BF4B-00C04F79EFBC}") = "InputOutputMath", "InputOutputMath\InputOutputMath.csproj", "{20653733-84EF-41FC-863A-8F52D0697471}"
EndProject
Global
	GlobalSection(SolutionConfigurationPlatforms) = preSolution
		Debug|Any CPU = Debug|Any CPU
		Release|Any CPU = Release|Any CPU
	EndGlobalSection
	GlobalSection(ProjectConfigurationPlatforms) = postSolution
		{20653733-84EF-41FC-863A-8F52D0697471}.Debug|Any CPU.ActiveCfg = Debug|Any CPU
		{20653733-84EF-41FC-863A-8F52D0697471}.Debug|Any CPU.Build.0 = Debug|Any CPU
		{20653733-84EF-41FC-863A-8F52D0697471}.Release|Any CPU.ActiveCfg = Release|Any CPU
		{20653733-84EF-41FC-863A-8F52D0697471}.Release|Any CPU.Build.0 = Release|Any CPU
	EndGlobalSection
	GlobalSection(SolutionProperties) = preSolution
		HideSolutionNode = FALSE
	EndGlobalSection
	GlobalSection(ExtensibilityGlobals) = postSolution
		SolutionGuid = {32A43400-805C-4BA3-B1A7-FD1ECC155A80}
	EndGlobalSection
EndGlobal
